{
  "requires": true,
  "lockfileVersion": 1,
  "dependencies": {
    "gammacv": {
      "version": "0.5.3",
      "resolved": "https://registry.npmjs.org/gammacv/-/gammacv-0.5.3.tgz",
      "integrity": "sha512-XpC06sm2NQVraiBx8UnyfXUrJpPYfW/jX66jl9NLoWRGImj11qo5DKYG/N4cukF2C9lrJQP2YFMqvcQJM3FqVw=="
    }
  }
}
